// !$*UTF8*$!
{
	archiveVersion = 1;
	classes = {
	};
	objectVersion = 46;
	objects = {

/* Begin PBXBuildFile section */
		273BD9C9179E791000B9C40B /* UIKit.framework in Frameworks */ = {isa = PBXBuildFile; fileRef = A471A33ECD9C2274E4D1E8EF /* UIKit.framework */; };
		273BD9CA179E791000B9C40B /* Foundation.framework in Frameworks */ = {isa = PBXBuildFile; fileRef = A471A964D83DEBD2C04AFA37 /* Foundation.framework */; };
		273BD9CB179E791000B9C40B /* CoreGraphics.framework in Frameworks */ = {isa = PBXBuildFile; fileRef = A471A9253EDFE2AD1854009B /* CoreGraphics.framework */; };
		273BD9D1179E791000B9C40B /* InfoPlist.strings in Resources */ = {isa = PBXBuildFile; fileRef = 273BD9CF179E791000B9C40B /* InfoPlist.strings */; };
		273BD9D3179E791000B9C40B /* main.m in Sources */ = {isa = PBXBuildFile; fileRef = 273BD9D2179E791000B9C40B /* main.m */; };
		273BD9D9179E791000B9C40B /* Default.png in Resources */ = {isa = PBXBuildFile; fileRef = 273BD9D8179E791000B9C40B /* Default.png */; };
		273BD9DB179E791000B9C40B /* Default@2x.png in Resources */ = {isa = PBXBuildFile; fileRef = 273BD9DA179E791000B9C40B /* Default@2x.png */; };
		273BD9DD179E791000B9C40B /* Default-568h@2x.png in Resources */ = {isa = PBXBuildFile; fileRef = 273BD9DC179E791000B9C40B /* Default-568h@2x.png */; };
		677DC6DE607D4114A6A1BF1A /* libPods-UnitTest.a in Frameworks */ = {isa = PBXBuildFile; fileRef = BCE9258F9B9545B3B5D07B14 /* libPods-UnitTest.a */; settings = {}; };
		A471A1120EAA40E6B62B9648 /* AudioToolbox.framework in Frameworks */ = {isa = PBXBuildFile; fileRef = A471A4442679B8E397AEF69E /* AudioToolbox.framework */; };
		A471A131D19BD91872306C18 /* Default-568h@2x.png in Resources */ = {isa = PBXBuildFile; fileRef = A471A4074470F0A45740273E /* Default-568h@2x.png */; };
		A471A243FC2F882000F3141A /* VCDAppDelegate.m in Sources */ = {isa = PBXBuildFile; fileRef = A471A511A474B3A1D2886B63 /* VCDAppDelegate.m */; };
		A471A247AE7E051207C24E04 /* AudioToolbox.framework in Frameworks */ = {isa = PBXBuildFile; fileRef = A471A4442679B8E397AEF69E /* AudioToolbox.framework */; };
		A471A32D30972A8A8D72182D /* CoreGraphics.framework in Frameworks */ = {isa = PBXBuildFile; fileRef = A471A9253EDFE2AD1854009B /* CoreGraphics.framework */; };
		A471A34AD0D5514894647D97 /* main.m in Sources */ = {isa = PBXBuildFile; fileRef = A471A454D36D3EB8B5E5BF34 /* main.m */; };
		A471A35A11C440EE9E117C9C /* NotificationNames.m in Sources */ = {isa = PBXBuildFile; fileRef = A471A8308984B61C6CC5DD2B /* NotificationNames.m */; };
		A471A40E9B80F29E0E1DA477 /* Default@2x.png in Resources */ = {isa = PBXBuildFile; fileRef = A471A4C27AADE1F5ED918B00 /* Default@2x.png */; };
		A471A4321A84D8A30BA20E32 /* VCDVolumeChangeDetector.m in Sources */ = {isa = PBXBuildFile; fileRef = A471AEDBC648073F9C3206F4 /* VCDVolumeChangeDetector.m */; };
		A471A5FDA23296A85CF07245 /* Foundation.framework in Frameworks */ = {isa = PBXBuildFile; fileRef = A471A964D83DEBD2C04AFA37 /* Foundation.framework */; };
		A471A65F543B863DE1D61636 /* Default.png in Resources */ = {isa = PBXBuildFile; fileRef = A471ADB901ADC8FBE4774381 /* Default.png */; };
		A471A7652B186A1BF2B6516B /* TestCaseVolumeChangeDetector.m in Sources */ = {isa = PBXBuildFile; fileRef = A471A8A4BF3150D9D7B97AF7 /* TestCaseVolumeChangeDetector.m */; };
		A471A7D314E68F7D7EFBAB1C /* NotificationNames.m in Sources */ = {isa = PBXBuildFile; fileRef = A471A8308984B61C6CC5DD2B /* NotificationNames.m */; };
		A471A8CE055A30B652994739 /* AsyncTestCaseVolumeChangeDetector.m in Sources */ = {isa = PBXBuildFile; fileRef = A471A168A0CCC3DF5F92CF5F /* AsyncTestCaseVolumeChangeDetector.m */; };
		A471A8D3140851ED44A722CF /* CoreAudio.framework in Frameworks */ = {isa = PBXBuildFile; fileRef = A471A6F4AE51C1D775301170 /* CoreAudio.framework */; };
		A471A8ED51F273D628447FCF /* UIKit.framework in Frameworks */ = {isa = PBXBuildFile; fileRef = A471A33ECD9C2274E4D1E8EF /* UIKit.framework */; };
		A471A95A5A102EBD3AA61F2D /* CoreAudio.framework in Frameworks */ = {isa = PBXBuildFile; fileRef = A471A6F4AE51C1D775301170 /* CoreAudio.framework */; };
		A471A99F0CDA11F05DF07274 /* TestCaseVolumeChangeDetector.m in Sources */ = {isa = PBXBuildFile; fileRef = A471A8A4BF3150D9D7B97AF7 /* TestCaseVolumeChangeDetector.m */; };
		A471AA10CBA8F5D06047BED6 /* MediaPlayer.framework in Frameworks */ = {isa = PBXBuildFile; fileRef = A471AD2EC183B6DAC98BEA04 /* MediaPlayer.framework */; };
		A471AC61D9FD5F27DDC5C306 /* AsyncTestCaseVolumeChangeDetector.m in Sources */ = {isa = PBXBuildFile; fileRef = A471A168A0CCC3DF5F92CF5F /* AsyncTestCaseVolumeChangeDetector.m */; };
		A471AD2C3321E356FD68B38B /* VCDVolumeChangeDetector.m in Sources */ = {isa = PBXBuildFile; fileRef = A471AEDBC648073F9C3206F4 /* VCDVolumeChangeDetector.m */; };
		A471AD93B794A85208CB81F8 /* InfoPlist.strings in Resources */ = {isa = PBXBuildFile; fileRef = A471A5EE0EA255A68FB57C42 /* InfoPlist.strings */; };
/* End PBXBuildFile section */

/* Begin PBXFileReference section */
		273BD9C8179E791000B9C40B /* UnitTest.app */ = {isa = PBXFileReference; explicitFileType = wrapper.application; includeInIndex = 0; path = UnitTest.app; sourceTree = BUILT_PRODUCTS_DIR; };
		273BD9CE179E791000B9C40B /* UnitTest-Info.plist */ = {isa = PBXFileReference; lastKnownFileType = text.plist.xml; path = "UnitTest-Info.plist"; sourceTree = "<group>"; };
		273BD9D0179E791000B9C40B /* en */ = {isa = PBXFileReference; lastKnownFileType = text.plist.strings; name = en; path = en.lproj/InfoPlist.strings; sourceTree = "<group>"; };
		273BD9D2179E791000B9C40B /* main.m */ = {isa = PBXFileReference; lastKnownFileType = sourcecode.c.objc; path = main.m; sourceTree = "<group>"; };
		273BD9D4179E791000B9C40B /* UnitTest-Prefix.pch */ = {isa = PBXFileReference; lastKnownFileType = sourcecode.c.h; path = "UnitTest-Prefix.pch"; sourceTree = "<group>"; };
		273BD9D8179E791000B9C40B /* Default.png */ = {isa = PBXFileReference; lastKnownFileType = image.png; path = Default.png; sourceTree = "<group>"; };
		273BD9DA179E791000B9C40B /* Default@2x.png */ = {isa = PBXFileReference; lastKnownFileType = image.png; path = "Default@2x.png"; sourceTree = "<group>"; };
		273BD9DC179E791000B9C40B /* Default-568h@2x.png */ = {isa = PBXFileReference; lastKnownFileType = image.png; path = "Default-568h@2x.png"; sourceTree = "<group>"; };
		51DD0B29C4614A6D9358E3E0 /* Pods-UnitTest.xcconfig */ = {isa = PBXFileReference; includeInIndex = 1; lastKnownFileType = text.xcconfig; name = "Pods-UnitTest.xcconfig"; path = "Pods/Pods-UnitTest.xcconfig"; sourceTree = SOURCE_ROOT; };
		A471A161DC8C2D2397CA517D /* en */ = {isa = PBXFileReference; lastKnownFileType = text.plist.strings; name = en; path = en.lproj/InfoPlist.strings; sourceTree = "<group>"; };
		A471A168A0CCC3DF5F92CF5F /* AsyncTestCaseVolumeChangeDetector.m */ = {isa = PBXFileReference; fileEncoding = 4; lastKnownFileType = sourcecode.c.objc; path = AsyncTestCaseVolumeChangeDetector.m; sourceTree = "<group>"; };
		A471A2306795A93D845737E3 /* AsyncTestCaseVolumeChangeDetector.h */ = {isa = PBXFileReference; fileEncoding = 4; lastKnownFileType = sourcecode.c.h; path = AsyncTestCaseVolumeChangeDetector.h; sourceTree = "<group>"; };
		A471A303EB42532BF9719013 /* VolumeChangeDetector.app */ = {isa = PBXFileReference; explicitFileType = wrapper.application; includeInIndex = 0; path = VolumeChangeDetector.app; sourceTree = BUILT_PRODUCTS_DIR; };
		A471A33ECD9C2274E4D1E8EF /* UIKit.framework */ = {isa = PBXFileReference; lastKnownFileType = wrapper.framework; name = UIKit.framework; path = System/Library/Frameworks/UIKit.framework; sourceTree = SDKROOT; };
		A471A4074470F0A45740273E /* Default-568h@2x.png */ = {isa = PBXFileReference; lastKnownFileType = image.png; path = "Default-568h@2x.png"; sourceTree = "<group>"; };
		A471A4442679B8E397AEF69E /* AudioToolbox.framework */ = {isa = PBXFileReference; lastKnownFileType = wrapper.framework; name = AudioToolbox.framework; path = System/Library/Frameworks/AudioToolbox.framework; sourceTree = SDKROOT; };
		A471A454D36D3EB8B5E5BF34 /* main.m */ = {isa = PBXFileReference; lastKnownFileType = sourcecode.c.objc; path = main.m; sourceTree = "<group>"; };
		A471A4C27AADE1F5ED918B00 /* Default@2x.png */ = {isa = PBXFileReference; lastKnownFileType = image.png; path = "Default@2x.png"; sourceTree = "<group>"; };
		A471A4C584839DA569292456 /* VCDAppDelegate.h */ = {isa = PBXFileReference; lastKnownFileType = sourcecode.c.h; path = VCDAppDelegate.h; sourceTree = "<group>"; };
		A471A511A474B3A1D2886B63 /* VCDAppDelegate.m */ = {isa = PBXFileReference; lastKnownFileType = sourcecode.c.objc; path = VCDAppDelegate.m; sourceTree = "<group>"; };
		A471A65B80FEFF9A16014C0C /* VolumeChangeDetector-Info.plist */ = {isa = PBXFileReference; lastKnownFileType = text.plist.info; path = "VolumeChangeDetector-Info.plist"; sourceTree = "<group>"; };
		A471A6F4AE51C1D775301170 /* CoreAudio.framework */ = {isa = PBXFileReference; lastKnownFileType = wrapper.framework; name = CoreAudio.framework; path = System/Library/Frameworks/CoreAudio.framework; sourceTree = SDKROOT; };
		A471A8308984B61C6CC5DD2B /* NotificationNames.m */ = {isa = PBXFileReference; fileEncoding = 4; lastKnownFileType = sourcecode.c.objc; path = NotificationNames.m; sourceTree = "<group>"; };
		A471A8A4BF3150D9D7B97AF7 /* TestCaseVolumeChangeDetector.m */ = {isa = PBXFileReference; fileEncoding = 4; lastKnownFileType = sourcecode.c.objc; path = TestCaseVolumeChangeDetector.m; sourceTree = "<group>"; };
		A471A9253EDFE2AD1854009B /* CoreGraphics.framework */ = {isa = PBXFileReference; lastKnownFileType = wrapper.framework; name = CoreGraphics.framework; path = System/Library/Frameworks/CoreGraphics.framework; sourceTree = SDKROOT; };
		A471A964D83DEBD2C04AFA37 /* Foundation.framework */ = {isa = PBXFileReference; lastKnownFileType = wrapper.framework; name = Foundation.framework; path = System/Library/Frameworks/Foundation.framework; sourceTree = SDKROOT; };
		A471AAEF465D41D1C69AD22B /* NotificationNames.h */ = {isa = PBXFileReference; fileEncoding = 4; lastKnownFileType = sourcecode.c.h; path = NotificationNames.h; sourceTree = "<group>"; };
		A471AD2EC183B6DAC98BEA04 /* MediaPlayer.framework */ = {isa = PBXFileReference; lastKnownFileType = wrapper.framework; name = MediaPlayer.framework; path = System/Library/Frameworks/MediaPlayer.framework; sourceTree = SDKROOT; };
		A471AD76CC7AE08BD0F60B10 /* TestCaseVolumeChangeDetector.h */ = {isa = PBXFileReference; fileEncoding = 4; lastKnownFileType = sourcecode.c.h; path = TestCaseVolumeChangeDetector.h; sourceTree = "<group>"; };
		A471ADB901ADC8FBE4774381 /* Default.png */ = {isa = PBXFileReference; lastKnownFileType = image.png; path = Default.png; sourceTree = "<group>"; };
		A471AE320908EF661BF7DC05 /* VCDVolumeChangeDetector.h */ = {isa = PBXFileReference; fileEncoding = 4; lastKnownFileType = sourcecode.c.h; path = VCDVolumeChangeDetector.h; sourceTree = "<group>"; };
		A471AE9F2EDE1B2A0173A09C /* VolumeChangeDetector-Prefix.pch */ = {isa = PBXFileReference; lastKnownFileType = sourcecode.c.h; path = "VolumeChangeDetector-Prefix.pch"; sourceTree = "<group>"; };
		A471AEDBC648073F9C3206F4 /* VCDVolumeChangeDetector.m */ = {isa = PBXFileReference; fileEncoding = 4; lastKnownFileType = sourcecode.c.objc; path = VCDVolumeChangeDetector.m; sourceTree = "<group>"; };
		BCE9258F9B9545B3B5D07B14 /* libPods-UnitTest.a */ = {isa = PBXFileReference; explicitFileType = archive.ar; includeInIndex = 0; name = "libPods-UnitTest.a"; path = "libPods-UnitTest.a"; sourceTree = BUILT_PRODUCTS_DIR; };
/* End PBXFileReference section */

/* Begin PBXFrameworksBuildPhase section */
		273BD9C5179E791000B9C40B /* Frameworks */ = {
			isa = PBXFrameworksBuildPhase;
			buildActionMask = 2147483647;
			files = (
				273BD9C9179E791000B9C40B /* UIKit.framework in Frameworks */,
				273BD9CA179E791000B9C40B /* Foundation.framework in Frameworks */,
				273BD9CB179E791000B9C40B /* CoreGraphics.framework in Frameworks */,
				677DC6DE607D4114A6A1BF1A /* libPods-UnitTest.a in Frameworks */,
				A471A8D3140851ED44A722CF /* CoreAudio.framework in Frameworks */,
				A471A247AE7E051207C24E04 /* AudioToolbox.framework in Frameworks */,
			);
			runOnlyForDeploymentPostprocessing = 0;
		};
		A471A74866AB80E35C5DDA1C /* Frameworks */ = {
			isa = PBXFrameworksBuildPhase;
			buildActionMask = 2147483647;
			files = (
				A471A8ED51F273D628447FCF /* UIKit.framework in Frameworks */,
				A471A5FDA23296A85CF07245 /* Foundation.framework in Frameworks */,
				A471A32D30972A8A8D72182D /* CoreGraphics.framework in Frameworks */,
				A471A95A5A102EBD3AA61F2D /* CoreAudio.framework in Frameworks */,
				A471AA10CBA8F5D06047BED6 /* MediaPlayer.framework in Frameworks */,
				A471A1120EAA40E6B62B9648 /* AudioToolbox.framework in Frameworks */,
			);
			runOnlyForDeploymentPostprocessing = 0;
		};
/* End PBXFrameworksBuildPhase section */

/* Begin PBXGroup section */
		273BD9CC179E791000B9C40B /* UnitTest */ = {
			isa = PBXGroup;
			children = (
				273BD9CD179E791000B9C40B /* Supporting Files */,
				A471A8A4BF3150D9D7B97AF7 /* TestCaseVolumeChangeDetector.m */,
				A471AD76CC7AE08BD0F60B10 /* TestCaseVolumeChangeDetector.h */,
				A471A168A0CCC3DF5F92CF5F /* AsyncTestCaseVolumeChangeDetector.m */,
				A471A2306795A93D845737E3 /* AsyncTestCaseVolumeChangeDetector.h */,
			);
			path = UnitTest;
			sourceTree = "<group>";
		};
		273BD9CD179E791000B9C40B /* Supporting Files */ = {
			isa = PBXGroup;
			children = (
				273BD9CE179E791000B9C40B /* UnitTest-Info.plist */,
				273BD9CF179E791000B9C40B /* InfoPlist.strings */,
				273BD9D2179E791000B9C40B /* main.m */,
				273BD9D4179E791000B9C40B /* UnitTest-Prefix.pch */,
				273BD9D8179E791000B9C40B /* Default.png */,
				273BD9DA179E791000B9C40B /* Default@2x.png */,
				273BD9DC179E791000B9C40B /* Default-568h@2x.png */,
			);
			name = "Supporting Files";
			sourceTree = "<group>";
		};
		A471A3C4DAB8F22E69CC4FF1 /* Supporting Files */ = {
			isa = PBXGroup;
			children = (
				A471A65B80FEFF9A16014C0C /* VolumeChangeDetector-Info.plist */,
				A471A5EE0EA255A68FB57C42 /* InfoPlist.strings */,
				A471A454D36D3EB8B5E5BF34 /* main.m */,
				A471AE9F2EDE1B2A0173A09C /* VolumeChangeDetector-Prefix.pch */,
				A471ADB901ADC8FBE4774381 /* Default.png */,
				A471A4C27AADE1F5ED918B00 /* Default@2x.png */,
				A471A4074470F0A45740273E /* Default-568h@2x.png */,
			);
			name = "Supporting Files";
			sourceTree = "<group>";
		};
		A471A3F9C94EF48184D0E28F = {
			isa = PBXGroup;
			children = (
				273BD9CC179E791000B9C40B /* UnitTest */,
				A471A7CB4FB70F0F8713788C /* Products */,
				A471AF80BC470009ABD50702 /* Frameworks */,
				A471A6D86922495259153ACE /* VolumeChangeDetector */,
				51DD0B29C4614A6D9358E3E0 /* Pods-UnitTest.xcconfig */,
			);
			sourceTree = "<group>";
		};
		A471A6D86922495259153ACE /* VolumeChangeDetector */ = {
			isa = PBXGroup;
			children = (
				A471A3C4DAB8F22E69CC4FF1 /* Supporting Files */,
				A471A4C584839DA569292456 /* VCDAppDelegate.h */,
				A471A511A474B3A1D2886B63 /* VCDAppDelegate.m */,
				A471A8308984B61C6CC5DD2B /* NotificationNames.m */,
				A471AAEF465D41D1C69AD22B /* NotificationNames.h */,
				A471AEDBC648073F9C3206F4 /* VCDVolumeChangeDetector.m */,
				A471AE320908EF661BF7DC05 /* VCDVolumeChangeDetector.h */,
			);
			path = VolumeChangeDetector;
			sourceTree = "<group>";
		};
		A471A7CB4FB70F0F8713788C /* Products */ = {
			isa = PBXGroup;
			children = (
				A471A303EB42532BF9719013 /* VolumeChangeDetector.app */,
				273BD9C8179E791000B9C40B /* UnitTest.app */,
			);
			name = Products;
			sourceTree = "<group>";
		};
		A471AF80BC470009ABD50702 /* Frameworks */ = {
			isa = PBXGroup;
			children = (
				A471A33ECD9C2274E4D1E8EF /* UIKit.framework */,
				A471A964D83DEBD2C04AFA37 /* Foundation.framework */,
				A471A9253EDFE2AD1854009B /* CoreGraphics.framework */,
				BCE9258F9B9545B3B5D07B14 /* libPods-UnitTest.a */,
				A471A6F4AE51C1D775301170 /* CoreAudio.framework */,
				A471AD2EC183B6DAC98BEA04 /* MediaPlayer.framework */,
				A471A4442679B8E397AEF69E /* AudioToolbox.framework */,
			);
			name = Frameworks;
			sourceTree = "<group>";
		};
/* End PBXGroup section */

/* Begin PBXNativeTarget section */
		273BD9C7179E791000B9C40B /* UnitTest */ = {
			isa = PBXNativeTarget;
			buildConfigurationList = 273BD9E0179E791000B9C40B /* Build configuration list for PBXNativeTarget "UnitTest" */;
			buildPhases = (
				24415E1D0E2F4825A28F7B6A /* Check Pods Manifest.lock */,
				273BD9C4179E791000B9C40B /* Sources */,
				273BD9C5179E791000B9C40B /* Frameworks */,
				273BD9C6179E791000B9C40B /* Resources */,
				83FB9FF38A574F34B6726F02 /* Copy Pods Resources */,
			);
			buildRules = (
			);
			dependencies = (
			);
			name = UnitTest;
			productName = UnitTest;
			productReference = 273BD9C8179E791000B9C40B /* UnitTest.app */;
			productType = "com.apple.product-type.application";
		};
		A471AA7257801923409383C6 /* VolumeChangeDetector */ = {
			isa = PBXNativeTarget;
			buildConfigurationList = A471AC5F7E82CC883656BA1E /* Build configuration list for PBXNativeTarget "VolumeChangeDetector" */;
			buildPhases = (
				A471A4F1A1D41F4C21824000 /* Sources */,
				A471A74866AB80E35C5DDA1C /* Frameworks */,
				A471A48C2F052B736D38289D /* Resources */,
			);
			buildRules = (
			);
			dependencies = (
			);
			name = VolumeChangeDetector;
			productName = VolumeChangeDetector;
			productReference = A471A303EB42532BF9719013 /* VolumeChangeDetector.app */;
			productType = "com.apple.product-type.application";
		};
/* End PBXNativeTarget section */

/* Begin PBXProject section */
		A471AA169FE12A3AA1EC4AF1 /* Project object */ = {
			isa = PBXProject;
			attributes = {
				ORGANIZATIONNAME = "Tatsuya Miyamoto";
			};
			buildConfigurationList = A471A3C6EB25C10D03553C0A /* Build configuration list for PBXProject "VolumeChangeDetector" */;
			compatibilityVersion = "Xcode 3.2";
			developmentRegion = English;
			hasScannedForEncodings = 0;
			knownRegions = (
				en,
			);
			mainGroup = A471A3F9C94EF48184D0E28F;
			productRefGroup = A471A7CB4FB70F0F8713788C /* Products */;
			projectDirPath = "";
			projectReferences = (
			);
			projectRoot = "";
			targets = (
				A471AA7257801923409383C6 /* VolumeChangeDetector */,
				273BD9C7179E791000B9C40B /* UnitTest */,
			);
		};
/* End PBXProject section */

/* Begin PBXResourcesBuildPhase section */
		273BD9C6179E791000B9C40B /* Resources */ = {
			isa = PBXResourcesBuildPhase;
			buildActionMask = 2147483647;
			files = (
				273BD9D1179E791000B9C40B /* InfoPlist.strings in Resources */,
				273BD9D9179E791000B9C40B /* Default.png in Resources */,
				273BD9DB179E791000B9C40B /* Default@2x.png in Resources */,
				273BD9DD179E791000B9C40B /* Default-568h@2x.png in Resources */,
			);
			runOnlyForDeploymentPostprocessing = 0;
		};
		A471A48C2F052B736D38289D /* Resources */ = {
			isa = PBXResourcesBuildPhase;
			buildActionMask = 2147483647;
			files = (
				A471AD93B794A85208CB81F8 /* InfoPlist.strings in Resources */,
				A471A65F543B863DE1D61636 /* Default.png in Resources */,
				A471A40E9B80F29E0E1DA477 /* Default@2x.png in Resources */,
				A471A131D19BD91872306C18 /* Default-568h@2x.png in Resources */,
			);
			runOnlyForDeploymentPostprocessing = 0;
		};
/* End PBXResourcesBuildPhase section */

/* Begin PBXShellScriptBuildPhase section */
		24415E1D0E2F4825A28F7B6A /* Check Pods Manifest.lock */ = {
			isa = PBXShellScriptBuildPhase;
			buildActionMask = 2147483647;
			files = (
			);
			inputPaths = (
			);
			name = "Check Pods Manifest.lock";
			outputPaths = (
			);
			runOnlyForDeploymentPostprocessing = 0;
			shellPath = /bin/sh;
			shellScript = "diff \"${PODS_ROOT}/../Podfile.lock\" \"${PODS_ROOT}/Manifest.lock\" > /dev/null\nif [[ $? != 0 ]] ; then\n    cat << EOM\nerror: The sandbox is not in sync with the Podfile.lock. Run 'pod install' or update your CocoaPods installation.\nEOM\n    exit 1\nfi\n";
			showEnvVarsInLog = 1;
		};
		83FB9FF38A574F34B6726F02 /* Copy Pods Resources */ = {
			isa = PBXShellScriptBuildPhase;
			buildActionMask = 2147483647;
			files = (
			);
			inputPaths = (
			);
			name = "Copy Pods Resources";
			outputPaths = (
			);
			runOnlyForDeploymentPostprocessing = 0;
			shellPath = /bin/sh;
			shellScript = "\"${SRCROOT}/Pods/Pods-UnitTest-resources.sh\"\n";
			showEnvVarsInLog = 1;
		};
/* End PBXShellScriptBuildPhase section */

/* Begin PBXSourcesBuildPhase section */
		273BD9C4179E791000B9C40B /* Sources */ = {
			isa = PBXSourcesBuildPhase;
			buildActionMask = 2147483647;
			files = (
				273BD9D3179E791000B9C40B /* main.m in Sources */,
				A471A99F0CDA11F05DF07274 /* TestCaseVolumeChangeDetector.m in Sources */,
				A471A35A11C440EE9E117C9C /* NotificationNames.m in Sources */,
				A471A4321A84D8A30BA20E32 /* VCDVolumeChangeDetector.m in Sources */,
				A471A8CE055A30B652994739 /* AsyncTestCaseVolumeChangeDetector.m in Sources */,
			);
			runOnlyForDeploymentPostprocessing = 0;
		};
		A471A4F1A1D41F4C21824000 /* Sources */ = {
			isa = PBXSourcesBuildPhase;
			buildActionMask = 2147483647;
			files = (
				A471A34AD0D5514894647D97 /* main.m in Sources */,
				A471A243FC2F882000F3141A /* VCDAppDelegate.m in Sources */,
				A471A7652B186A1BF2B6516B /* TestCaseVolumeChangeDetector.m in Sources */,
				A471A7D314E68F7D7EFBAB1C /* NotificationNames.m in Sources */,
				A471AD2C3321E356FD68B38B /* VCDVolumeChangeDetector.m in Sources */,
				A471AC61D9FD5F27DDC5C306 /* AsyncTestCaseVolumeChangeDetector.m in Sources */,
			);
			runOnlyForDeploymentPostprocessing = 0;
		};
/* End PBXSourcesBuildPhase section */

/* Begin PBXVariantGroup section */
		273BD9CF179E791000B9C40B /* InfoPlist.strings */ = {
			isa = PBXVariantGroup;
			children = (
				273BD9D0179E791000B9C40B /* en */,
			);
			name = InfoPlist.strings;
			sourceTree = "<group>";
		};
		A471A5EE0EA255A68FB57C42 /* InfoPlist.strings */ = {
			isa = PBXVariantGroup;
			children = (
				A471A161DC8C2D2397CA517D /* en */,
			);
			name = InfoPlist.strings;
			sourceTree = "<group>";
		};
/* End PBXVariantGroup section */

/* Begin XCBuildConfiguration section */
		273BD9DE179E791000B9C40B /* Release */ = {
			isa = XCBuildConfiguration;
			baseConfigurationReference = 51DD0B29C4614A6D9358E3E0 /* Pods-UnitTest.xcconfig */;
			buildSettings = {
				"CODE_SIGN_IDENTITY[sdk=iphoneos*]" = "iPhone Developer";
				GCC_PRECOMPILE_PREFIX_HEADER = YES;
				GCC_PREFIX_HEADER = "UnitTest/UnitTest-Prefix.pch";
				INFOPLIST_FILE = "UnitTest/UnitTest-Info.plist";
				PRODUCT_NAME = "$(TARGET_NAME)";
				USER_HEADER_SEARCH_PATHS = "\"${PROJECT_DIR}/Pods\"/**";
				WRAPPER_EXTENSION = app;
			};
			name = Release;
		};
		273BD9DF179E791000B9C40B /* Debug */ = {
			isa = XCBuildConfiguration;
			baseConfigurationReference = 51DD0B29C4614A6D9358E3E0 /* Pods-UnitTest.xcconfig */;
			buildSettings = {
				"CODE_SIGN_IDENTITY[sdk=iphoneos*]" = "iPhone Developer";
				GCC_PRECOMPILE_PREFIX_HEADER = YES;
				GCC_PREFIX_HEADER = "UnitTest/UnitTest-Prefix.pch";
				INFOPLIST_FILE = "UnitTest/UnitTest-Info.plist";
				PRODUCT_NAME = "$(TARGET_NAME)";
				USER_HEADER_SEARCH_PATHS = "\"${PROJECT_DIR}/Pods\"/**";
				WRAPPER_EXTENSION = app;
			};
			name = Debug;
		};
		A471A1903CF48AB164088A1C /* Debug */ = {
			isa = XCBuildConfiguration;
			buildSettings = {
				ALWAYS_SEARCH_USER_PATHS = NO;
				CLANG_CXX_LANGUAGE_STANDARD = "gnu++0x";
				CLANG_CXX_LIBRARY = "libc++";
				CLANG_ENABLE_OBJC_ARC = YES;
				CLANG_WARN_CONSTANT_CONVERSION = YES;
				CLANG_WARN_EMPTY_BODY = YES;
				CLANG_WARN_ENUM_CONVERSION = YES;
				CLANG_WARN_INT_CONVERSION = YES;
				CLANG_WARN__DUPLICATE_METHOD_MATCH = YES;
				"CODE_SIGN_IDENTITY[sdk=iphoneos*]" = "iPhone Developer";
				COPY_PHASE_STRIP = NO;
				GCC_C_LANGUAGE_STANDARD = gnu99;
				GCC_DYNAMIC_NO_PIC = NO;
				GCC_OPTIMIZATION_LEVEL = 0;
				GCC_PREPROCESSOR_DEFINITIONS = (
					"DEBUG=1",
					"$(inherited)",
				);
				GCC_SYMBOLS_PRIVATE_EXTERN = NO;
				GCC_WARN_ABOUT_RETURN_TYPE = YES;
				GCC_WARN_UNINITIALIZED_AUTOS = YES;
				GCC_WARN_UNUSED_VARIABLE = YES;
				IPHONEOS_DEPLOYMENT_TARGET = 6.1;
				ONLY_ACTIVE_ARCH = YES;
				SDKROOT = iphoneos;
				TARGETED_DEVICE_FAMILY = "1,2";
			};
			name = Debug;
		};
		A471A8255165E4C6EDE93999 /* Release */ = {
			isa = XCBuildConfiguration;
			buildSettings = {
				GCC_PRECOMPILE_PREFIX_HEADER = YES;
				GCC_PREFIX_HEADER = "VolumeChangeDetector/VolumeChangeDetector-Prefix.pch";
				INFOPLIST_FILE = "VolumeChangeDetector/VolumeChangeDetector-Info.plist";
				PRODUCT_NAME = "$(TARGET_NAME)";
				WRAPPER_EXTENSION = app;
			};
			name = Release;
		};
		A471A9CAB816C4B347064598 /* Debug */ = {
			isa = XCBuildConfiguration;
			buildSettings = {
				GCC_PRECOMPILE_PREFIX_HEADER = YES;
				GCC_PREFIX_HEADER = "VolumeChangeDetector/VolumeChangeDetector-Prefix.pch";
				INFOPLIST_FILE = "VolumeChangeDetector/VolumeChangeDetector-Info.plist";
				PRODUCT_NAME = "$(TARGET_NAME)";
				WRAPPER_EXTENSION = app;
			};
			name = Debug;
		};
		A471AEBC1E2638D570E6428F /* Release */ = {
			isa = XCBuildConfiguration;
			buildSettings = {
				ALWAYS_SEARCH_USER_PATHS = NO;
				CLANG_CXX_LANGUAGE_STANDARD = "gnu++0x";
				CLANG_CXX_LIBRARY = "libc++";
				CLANG_ENABLE_OBJC_ARC = YES;
				CLANG_WARN_CONSTANT_CONVERSION = YES;
				CLANG_WARN_EMPTY_BODY = YES;
				CLANG_WARN_ENUM_CONVERSION = YES;
				CLANG_WARN_INT_CONVERSION = YES;
				CLANG_WARN__DUPLICATE_METHOD_MATCH = YES;
				"CODE_SIGN_IDENTITY[sdk=iphoneos*]" = "iPhone Developer";
				COPY_PHASE_STRIP = YES;
				GCC_C_LANGUAGE_STANDARD = gnu99;
				GCC_WARN_ABOUT_RETURN_TYPE = YES;
				GCC_WARN_UNINITIALIZED_AUTOS = YES;
				GCC_WARN_UNUSED_VARIABLE = YES;
				IPHONEOS_DEPLOYMENT_TARGET = 6.1;
				OTHER_CFLAGS = "-DNS_BLOCK_ASSERTIONS=1";
				SDKROOT = iphoneos;
				TARGETED_DEVICE_FAMILY = "1,2";
				VALIDATE_PRODUCT = YES;
			};
			name = Release;
		};
/* End XCBuildConfiguration section */

/* Begin XCConfigurationList section */
		273BD9E0179E791000B9C40B /* Build configuration list for PBXNativeTarget "UnitTest" */ = {
			isa = XCConfigurationList;
			buildConfigurations = (
				273BD9DE179E791000B9C40B /* Release */,
				273BD9DF179E791000B9C40B /* Debug */,
			);
			defaultConfigurationIsVisible = 0;
		};
		A471A3C6EB25C10D03553C0A /* Build configuration list for PBXProject "VolumeChangeDetector" */ = {
			isa = XCConfigurationList;
			buildConfigurations = (
				A471AEBC1E2638D570E6428F /* Release */,
				A471A1903CF48AB164088A1C /* Debug */,
			);
			defaultConfigurationIsVisible = 0;
			defaultConfigurationName = Release;
		};
		A471AC5F7E82CC883656BA1E /* Build configuration list for PBXNativeTarget "VolumeChangeDetector" */ = {
			isa = XCConfigurationList;
			buildConfigurations = (
				A471A8255165E4C6EDE93999 /* Release */,
				A471A9CAB816C4B347064598 /* Debug */,
			);
			defaultConfigurationIsVisible = 0;
			defaultConfigurationName = Release;
		};
/* End XCConfigurationList section */
	};
	rootObject = A471AA169FE12A3AA1EC4AF1 /* Project object */;
}
