<?xml version="1.0" encoding="UTF-8"?>
<!DOCTYPE plist PUBLIC "-//Apple//DTD PLIST 1.0//EN" "http://www.apple.com/DTDs/PropertyList-1.0.dtd">
<plist version="1.0">
<dict>
	<key>archiveVersion</key>
	<string>1</string>
	<key>classes</key>
	<dict/>
	<key>objectVersion</key>
	<string>46</string>
	<key>objects</key>
	<dict>
		<key>24415E1D0E2F4825A28F7B6A</key>
		<dict>
			<key>buildActionMask</key>
			<string>2147483647</string>
			<key>files</key>
			<array/>
			<key>inputPaths</key>
			<array/>
			<key>isa</key>
			<string>PBXShellScriptBuildPhase</string>
			<key>name</key>
			<string>Check Pods Manifest.lock</string>
			<key>outputPaths</key>
			<array/>
			<key>runOnlyForDeploymentPostprocessing</key>
			<string>0</string>
			<key>shellPath</key>
			<string>/bin/sh</string>
			<key>shellScript</key>
			<string>diff "${PODS_ROOT}/../Podfile.lock" "${PODS_ROOT}/Manifest.lock" &gt; /dev/null
if [[ $? != 0 ]] ; then
    cat &lt;&lt; EOM
error: The sandbox is not in sync with the Podfile.lock. Run 'pod install' or update your CocoaPods installation.
EOM
    exit 1
fi
</string>
			<key>showEnvVarsInLog</key>
			<string>1</string>
		</dict>
		<key>273BD9C4179E791000B9C40B</key>
		<dict>
			<key>buildActionMask</key>
			<string>2147483647</string>
			<key>files</key>
			<array>
				<string>273BD9D3179E791000B9C40B</string>
				<string>273BD9D7179E791000B9C40B</string>
			</array>
			<key>isa</key>
			<string>PBXSourcesBuildPhase</string>
			<key>runOnlyForDeploymentPostprocessing</key>
			<string>0</string>
		</dict>
		<key>273BD9C5179E791000B9C40B</key>
		<dict>
			<key>buildActionMask</key>
			<string>2147483647</string>
			<key>files</key>
			<array>
				<string>273BD9C9179E791000B9C40B</string>
				<string>273BD9CA179E791000B9C40B</string>
				<string>273BD9CB179E791000B9C40B</string>
				<string>677DC6DE607D4114A6A1BF1A</string>
			</array>
			<key>isa</key>
			<string>PBXFrameworksBuildPhase</string>
			<key>runOnlyForDeploymentPostprocessing</key>
			<string>0</string>
		</dict>
		<key>273BD9C6179E791000B9C40B</key>
		<dict>
			<key>buildActionMask</key>
			<string>2147483647</string>
			<key>files</key>
			<array>
				<string>273BD9D1179E791000B9C40B</string>
				<string>273BD9D9179E791000B9C40B</string>
				<string>273BD9DB179E791000B9C40B</string>
				<string>273BD9DD179E791000B9C40B</string>
			</array>
			<key>isa</key>
			<string>PBXResourcesBuildPhase</string>
			<key>runOnlyForDeploymentPostprocessing</key>
			<string>0</string>
		</dict>
		<key>273BD9C7179E791000B9C40B</key>
		<dict>
			<key>buildConfigurationList</key>
			<string>273BD9E0179E791000B9C40B</string>
			<key>buildPhases</key>
			<array>
				<string>24415E1D0E2F4825A28F7B6A</string>
				<string>273BD9C4179E791000B9C40B</string>
				<string>273BD9C5179E791000B9C40B</string>
				<string>273BD9C6179E791000B9C40B</string>
				<string>83FB9FF38A574F34B6726F02</string>
			</array>
			<key>buildRules</key>
			<array/>
			<key>dependencies</key>
			<array/>
			<key>isa</key>
			<string>PBXNativeTarget</string>
			<key>name</key>
			<string>UnitTest</string>
			<key>productName</key>
			<string>UnitTest</string>
			<key>productReference</key>
			<string>273BD9C8179E791000B9C40B</string>
			<key>productType</key>
			<string>com.apple.product-type.application</string>
		</dict>
		<key>273BD9C8179E791000B9C40B</key>
		<dict>
			<key>explicitFileType</key>
			<string>wrapper.application</string>
			<key>includeInIndex</key>
			<string>0</string>
			<key>isa</key>
			<string>PBXFileReference</string>
			<key>path</key>
			<string>UnitTest.app</string>
			<key>sourceTree</key>
			<string>BUILT_PRODUCTS_DIR</string>
		</dict>
		<key>273BD9C9179E791000B9C40B</key>
		<dict>
			<key>fileRef</key>
			<string>A471A33ECD9C2274E4D1E8EF</string>
			<key>isa</key>
			<string>PBXBuildFile</string>
		</dict>
		<key>273BD9CA179E791000B9C40B</key>
		<dict>
			<key>fileRef</key>
			<string>A471A964D83DEBD2C04AFA37</string>
			<key>isa</key>
			<string>PBXBuildFile</string>
		</dict>
		<key>273BD9CB179E791000B9C40B</key>
		<dict>
			<key>fileRef</key>
			<string>A471A9253EDFE2AD1854009B</string>
			<key>isa</key>
			<string>PBXBuildFile</string>
		</dict>
		<key>273BD9CC179E791000B9C40B</key>
		<dict>
			<key>children</key>
			<array>
				<string>273BD9D5179E791000B9C40B</string>
				<string>273BD9D6179E791000B9C40B</string>
				<string>273BD9CD179E791000B9C40B</string>
			</array>
			<key>isa</key>
			<string>PBXGroup</string>
			<key>path</key>
			<string>UnitTest</string>
			<key>sourceTree</key>
			<string>&lt;group&gt;</string>
		</dict>
		<key>273BD9CD179E791000B9C40B</key>
		<dict>
			<key>children</key>
			<array>
				<string>273BD9CE179E791000B9C40B</string>
				<string>273BD9CF179E791000B9C40B</string>
				<string>273BD9D2179E791000B9C40B</string>
				<string>273BD9D4179E791000B9C40B</string>
				<string>273BD9D8179E791000B9C40B</string>
				<string>273BD9DA179E791000B9C40B</string>
				<string>273BD9DC179E791000B9C40B</string>
			</array>
			<key>isa</key>
			<string>PBXGroup</string>
			<key>name</key>
			<string>Supporting Files</string>
			<key>sourceTree</key>
			<string>&lt;group&gt;</string>
		</dict>
		<key>273BD9CE179E791000B9C40B</key>
		<dict>
			<key>isa</key>
			<string>PBXFileReference</string>
			<key>lastKnownFileType</key>
			<string>text.plist.xml</string>
			<key>path</key>
			<string>UnitTest-Info.plist</string>
			<key>sourceTree</key>
			<string>&lt;group&gt;</string>
		</dict>
		<key>273BD9CF179E791000B9C40B</key>
		<dict>
			<key>children</key>
			<array>
				<string>273BD9D0179E791000B9C40B</string>
			</array>
			<key>isa</key>
			<string>PBXVariantGroup</string>
			<key>name</key>
			<string>InfoPlist.strings</string>
			<key>sourceTree</key>
			<string>&lt;group&gt;</string>
		</dict>
		<key>273BD9D0179E791000B9C40B</key>
		<dict>
			<key>isa</key>
			<string>PBXFileReference</string>
			<key>lastKnownFileType</key>
			<string>text.plist.strings</string>
			<key>name</key>
			<string>en</string>
			<key>path</key>
			<string>en.lproj/InfoPlist.strings</string>
			<key>sourceTree</key>
			<string>&lt;group&gt;</string>
		</dict>
		<key>273BD9D1179E791000B9C40B</key>
		<dict>
			<key>fileRef</key>
			<string>273BD9CF179E791000B9C40B</string>
			<key>isa</key>
			<string>PBXBuildFile</string>
		</dict>
		<key>273BD9D2179E791000B9C40B</key>
		<dict>
			<key>isa</key>
			<string>PBXFileReference</string>
			<key>lastKnownFileType</key>
			<string>sourcecode.c.objc</string>
			<key>path</key>
			<string>main.m</string>
			<key>sourceTree</key>
			<string>&lt;group&gt;</string>
		</dict>
		<key>273BD9D3179E791000B9C40B</key>
		<dict>
			<key>fileRef</key>
			<string>273BD9D2179E791000B9C40B</string>
			<key>isa</key>
			<string>PBXBuildFile</string>
		</dict>
		<key>273BD9D4179E791000B9C40B</key>
		<dict>
			<key>isa</key>
			<string>PBXFileReference</string>
			<key>lastKnownFileType</key>
			<string>sourcecode.c.h</string>
			<key>path</key>
			<string>UnitTest-Prefix.pch</string>
			<key>sourceTree</key>
			<string>&lt;group&gt;</string>
		</dict>
		<key>273BD9D5179E791000B9C40B</key>
		<dict>
			<key>isa</key>
			<string>PBXFileReference</string>
			<key>lastKnownFileType</key>
			<string>sourcecode.c.h</string>
			<key>path</key>
			<string>AppDelegate.h</string>
			<key>sourceTree</key>
			<string>&lt;group&gt;</string>
		</dict>
		<key>273BD9D6179E791000B9C40B</key>
		<dict>
			<key>isa</key>
			<string>PBXFileReference</string>
			<key>lastKnownFileType</key>
			<string>sourcecode.c.objc</string>
			<key>path</key>
			<string>AppDelegate.m</string>
			<key>sourceTree</key>
			<string>&lt;group&gt;</string>
		</dict>
		<key>273BD9D7179E791000B9C40B</key>
		<dict>
			<key>fileRef</key>
			<string>273BD9D6179E791000B9C40B</string>
			<key>isa</key>
			<string>PBXBuildFile</string>
		</dict>
		<key>273BD9D8179E791000B9C40B</key>
		<dict>
			<key>isa</key>
			<string>PBXFileReference</string>
			<key>lastKnownFileType</key>
			<string>image.png</string>
			<key>path</key>
			<string>Default.png</string>
			<key>sourceTree</key>
			<string>&lt;group&gt;</string>
		</dict>
		<key>273BD9D9179E791000B9C40B</key>
		<dict>
			<key>fileRef</key>
			<string>273BD9D8179E791000B9C40B</string>
			<key>isa</key>
			<string>PBXBuildFile</string>
		</dict>
		<key>273BD9DA179E791000B9C40B</key>
		<dict>
			<key>isa</key>
			<string>PBXFileReference</string>
			<key>lastKnownFileType</key>
			<string>image.png</string>
			<key>path</key>
			<string>Default@2x.png</string>
			<key>sourceTree</key>
			<string>&lt;group&gt;</string>
		</dict>
		<key>273BD9DB179E791000B9C40B</key>
		<dict>
			<key>fileRef</key>
			<string>273BD9DA179E791000B9C40B</string>
			<key>isa</key>
			<string>PBXBuildFile</string>
		</dict>
		<key>273BD9DC179E791000B9C40B</key>
		<dict>
			<key>isa</key>
			<string>PBXFileReference</string>
			<key>lastKnownFileType</key>
			<string>image.png</string>
			<key>path</key>
			<string>Default-568h@2x.png</string>
			<key>sourceTree</key>
			<string>&lt;group&gt;</string>
		</dict>
		<key>273BD9DD179E791000B9C40B</key>
		<dict>
			<key>fileRef</key>
			<string>273BD9DC179E791000B9C40B</string>
			<key>isa</key>
			<string>PBXBuildFile</string>
		</dict>
		<key>273BD9DE179E791000B9C40B</key>
		<dict>
			<key>baseConfigurationReference</key>
			<string>51DD0B29C4614A6D9358E3E0</string>
			<key>buildSettings</key>
			<dict>
				<key>CODE_SIGN_IDENTITY[sdk=iphoneos*]</key>
				<string>iPhone Developer</string>
				<key>GCC_PRECOMPILE_PREFIX_HEADER</key>
				<string>YES</string>
				<key>GCC_PREFIX_HEADER</key>
				<string>UnitTest/UnitTest-Prefix.pch</string>
				<key>INFOPLIST_FILE</key>
				<string>UnitTest/UnitTest-Info.plist</string>
				<key>PRODUCT_NAME</key>
				<string>$(TARGET_NAME)</string>
				<key>WRAPPER_EXTENSION</key>
				<string>app</string>
			</dict>
			<key>isa</key>
			<string>XCBuildConfiguration</string>
			<key>name</key>
			<string>Release</string>
		</dict>
		<key>273BD9DF179E791000B9C40B</key>
		<dict>
			<key>baseConfigurationReference</key>
			<string>51DD0B29C4614A6D9358E3E0</string>
			<key>buildSettings</key>
			<dict>
				<key>CODE_SIGN_IDENTITY[sdk=iphoneos*]</key>
				<string>iPhone Developer</string>
				<key>GCC_PRECOMPILE_PREFIX_HEADER</key>
				<string>YES</string>
				<key>GCC_PREFIX_HEADER</key>
				<string>UnitTest/UnitTest-Prefix.pch</string>
				<key>INFOPLIST_FILE</key>
				<string>UnitTest/UnitTest-Info.plist</string>
				<key>PRODUCT_NAME</key>
				<string>$(TARGET_NAME)</string>
				<key>WRAPPER_EXTENSION</key>
				<string>app</string>
			</dict>
			<key>isa</key>
			<string>XCBuildConfiguration</string>
			<key>name</key>
			<string>Debug</string>
		</dict>
		<key>273BD9E0179E791000B9C40B</key>
		<dict>
			<key>buildConfigurations</key>
			<array>
				<string>273BD9DE179E791000B9C40B</string>
				<string>273BD9DF179E791000B9C40B</string>
			</array>
			<key>defaultConfigurationIsVisible</key>
			<string>0</string>
			<key>isa</key>
			<string>XCConfigurationList</string>
		</dict>
		<key>51DD0B29C4614A6D9358E3E0</key>
		<dict>
			<key>includeInIndex</key>
			<string>1</string>
			<key>isa</key>
			<string>PBXFileReference</string>
			<key>lastKnownFileType</key>
			<string>text.xcconfig</string>
			<key>name</key>
			<string>Pods-UnitTest.xcconfig</string>
			<key>path</key>
			<string>Pods/Pods-UnitTest.xcconfig</string>
			<key>sourceTree</key>
			<string>SOURCE_ROOT</string>
		</dict>
		<key>677DC6DE607D4114A6A1BF1A</key>
		<dict>
			<key>fileRef</key>
			<string>BCE9258F9B9545B3B5D07B14</string>
			<key>isa</key>
			<string>PBXBuildFile</string>
			<key>settings</key>
			<dict/>
		</dict>
		<key>83FB9FF38A574F34B6726F02</key>
		<dict>
			<key>buildActionMask</key>
			<string>2147483647</string>
			<key>files</key>
			<array/>
			<key>inputPaths</key>
			<array/>
			<key>isa</key>
			<string>PBXShellScriptBuildPhase</string>
			<key>name</key>
			<string>Copy Pods Resources</string>
			<key>outputPaths</key>
			<array/>
			<key>runOnlyForDeploymentPostprocessing</key>
			<string>0</string>
			<key>shellPath</key>
			<string>/bin/sh</string>
			<key>shellScript</key>
			<string>"${SRCROOT}/Pods/Pods-UnitTest-resources.sh"
</string>
			<key>showEnvVarsInLog</key>
			<string>1</string>
		</dict>
		<key>A471A131D19BD91872306C18</key>
		<dict>
			<key>fileRef</key>
			<string>A471A4074470F0A45740273E</string>
			<key>isa</key>
			<string>PBXBuildFile</string>
		</dict>
		<key>A471A161DC8C2D2397CA517D</key>
		<dict>
			<key>isa</key>
			<string>PBXFileReference</string>
			<key>lastKnownFileType</key>
			<string>text.plist.strings</string>
			<key>name</key>
			<string>en</string>
			<key>path</key>
			<string>en.lproj/InfoPlist.strings</string>
			<key>sourceTree</key>
			<string>&lt;group&gt;</string>
		</dict>
		<key>A471A1903CF48AB164088A1C</key>
		<dict>
			<key>buildSettings</key>
			<dict>
				<key>ALWAYS_SEARCH_USER_PATHS</key>
				<string>NO</string>
				<key>CLANG_CXX_LANGUAGE_STANDARD</key>
				<string>gnu++0x</string>
				<key>CLANG_CXX_LIBRARY</key>
				<string>libc++</string>
				<key>CLANG_ENABLE_OBJC_ARC</key>
				<string>YES</string>
				<key>CLANG_WARN_CONSTANT_CONVERSION</key>
				<string>YES</string>
				<key>CLANG_WARN_EMPTY_BODY</key>
				<string>YES</string>
				<key>CLANG_WARN_ENUM_CONVERSION</key>
				<string>YES</string>
				<key>CLANG_WARN_INT_CONVERSION</key>
				<string>YES</string>
				<key>CLANG_WARN__DUPLICATE_METHOD_MATCH</key>
				<string>YES</string>
				<key>CODE_SIGN_IDENTITY[sdk=iphoneos*]</key>
				<string>iPhone Developer</string>
				<key>COPY_PHASE_STRIP</key>
				<string>NO</string>
				<key>GCC_C_LANGUAGE_STANDARD</key>
				<string>gnu99</string>
				<key>GCC_DYNAMIC_NO_PIC</key>
				<string>NO</string>
				<key>GCC_OPTIMIZATION_LEVEL</key>
				<string>0</string>
				<key>GCC_PREPROCESSOR_DEFINITIONS</key>
				<array>
					<string>DEBUG=1</string>
					<string>$(inherited)</string>
				</array>
				<key>GCC_SYMBOLS_PRIVATE_EXTERN</key>
				<string>NO</string>
				<key>GCC_WARN_ABOUT_RETURN_TYPE</key>
				<string>YES</string>
				<key>GCC_WARN_UNINITIALIZED_AUTOS</key>
				<string>YES</string>
				<key>GCC_WARN_UNUSED_VARIABLE</key>
				<string>YES</string>
				<key>IPHONEOS_DEPLOYMENT_TARGET</key>
				<string>6.1</string>
				<key>ONLY_ACTIVE_ARCH</key>
				<string>YES</string>
				<key>SDKROOT</key>
				<string>iphoneos</string>
				<key>TARGETED_DEVICE_FAMILY</key>
				<string>1,2</string>
			</dict>
			<key>isa</key>
			<string>XCBuildConfiguration</string>
			<key>name</key>
			<string>Debug</string>
		</dict>
		<key>A471A243FC2F882000F3141A</key>
		<dict>
			<key>fileRef</key>
			<string>A471A511A474B3A1D2886B63</string>
			<key>isa</key>
			<string>PBXBuildFile</string>
		</dict>
		<key>A471A303EB42532BF9719013</key>
		<dict>
			<key>explicitFileType</key>
			<string>wrapper.application</string>
			<key>includeInIndex</key>
			<string>0</string>
			<key>isa</key>
			<string>PBXFileReference</string>
			<key>path</key>
			<string>VolumeChangeDetector.app</string>
			<key>sourceTree</key>
			<string>BUILT_PRODUCTS_DIR</string>
		</dict>
		<key>A471A32D30972A8A8D72182D</key>
		<dict>
			<key>fileRef</key>
			<string>A471A9253EDFE2AD1854009B</string>
			<key>isa</key>
			<string>PBXBuildFile</string>
		</dict>
		<key>A471A33ECD9C2274E4D1E8EF</key>
		<dict>
			<key>isa</key>
			<string>PBXFileReference</string>
			<key>lastKnownFileType</key>
			<string>wrapper.framework</string>
			<key>name</key>
			<string>UIKit.framework</string>
			<key>path</key>
			<string>System/Library/Frameworks/UIKit.framework</string>
			<key>sourceTree</key>
			<string>SDKROOT</string>
		</dict>
		<key>A471A34AD0D5514894647D97</key>
		<dict>
			<key>fileRef</key>
			<string>A471A454D36D3EB8B5E5BF34</string>
			<key>isa</key>
			<string>PBXBuildFile</string>
		</dict>
		<key>A471A3C4DAB8F22E69CC4FF1</key>
		<dict>
			<key>children</key>
			<array>
				<string>A471A65B80FEFF9A16014C0C</string>
				<string>A471A5EE0EA255A68FB57C42</string>
				<string>A471A454D36D3EB8B5E5BF34</string>
				<string>A471AE9F2EDE1B2A0173A09C</string>
				<string>A471ADB901ADC8FBE4774381</string>
				<string>A471A4C27AADE1F5ED918B00</string>
				<string>A471A4074470F0A45740273E</string>
			</array>
			<key>isa</key>
			<string>PBXGroup</string>
			<key>name</key>
			<string>Supporting Files</string>
			<key>sourceTree</key>
			<string>&lt;group&gt;</string>
		</dict>
		<key>A471A3C6EB25C10D03553C0A</key>
		<dict>
			<key>buildConfigurations</key>
			<array>
				<string>A471AEBC1E2638D570E6428F</string>
				<string>A471A1903CF48AB164088A1C</string>
			</array>
			<key>defaultConfigurationIsVisible</key>
			<string>0</string>
			<key>defaultConfigurationName</key>
			<string>Release</string>
			<key>isa</key>
			<string>XCConfigurationList</string>
		</dict>
		<key>A471A3F9C94EF48184D0E28F</key>
		<dict>
			<key>children</key>
			<array>
				<string>273BD9CC179E791000B9C40B</string>
				<string>A471A7CB4FB70F0F8713788C</string>
				<string>A471AF80BC470009ABD50702</string>
				<string>A471A6D86922495259153ACE</string>
				<string>51DD0B29C4614A6D9358E3E0</string>
			</array>
			<key>isa</key>
			<string>PBXGroup</string>
			<key>sourceTree</key>
			<string>&lt;group&gt;</string>
		</dict>
		<key>A471A4074470F0A45740273E</key>
		<dict>
			<key>isa</key>
			<string>PBXFileReference</string>
			<key>lastKnownFileType</key>
			<string>image.png</string>
			<key>path</key>
			<string>Default-568h@2x.png</string>
			<key>sourceTree</key>
			<string>&lt;group&gt;</string>
		</dict>
		<key>A471A40E9B80F29E0E1DA477</key>
		<dict>
			<key>fileRef</key>
			<string>A471A4C27AADE1F5ED918B00</string>
			<key>isa</key>
			<string>PBXBuildFile</string>
		</dict>
		<key>A471A454D36D3EB8B5E5BF34</key>
		<dict>
			<key>isa</key>
			<string>PBXFileReference</string>
			<key>lastKnownFileType</key>
			<string>sourcecode.c.objc</string>
			<key>path</key>
			<string>main.m</string>
			<key>sourceTree</key>
			<string>&lt;group&gt;</string>
		</dict>
		<key>A471A48C2F052B736D38289D</key>
		<dict>
			<key>buildActionMask</key>
			<string>2147483647</string>
			<key>files</key>
			<array>
				<string>A471AD93B794A85208CB81F8</string>
				<string>A471A65F543B863DE1D61636</string>
				<string>A471A40E9B80F29E0E1DA477</string>
				<string>A471A131D19BD91872306C18</string>
			</array>
			<key>isa</key>
			<string>PBXResourcesBuildPhase</string>
			<key>runOnlyForDeploymentPostprocessing</key>
			<string>0</string>
		</dict>
		<key>A471A4C27AADE1F5ED918B00</key>
		<dict>
			<key>isa</key>
			<string>PBXFileReference</string>
			<key>lastKnownFileType</key>
			<string>image.png</string>
			<key>path</key>
			<string>Default@2x.png</string>
			<key>sourceTree</key>
			<string>&lt;group&gt;</string>
		</dict>
		<key>A471A4C584839DA569292456</key>
		<dict>
			<key>isa</key>
			<string>PBXFileReference</string>
			<key>lastKnownFileType</key>
			<string>sourcecode.c.h</string>
			<key>path</key>
			<string>VCDAppDelegate.h</string>
			<key>sourceTree</key>
			<string>&lt;group&gt;</string>
		</dict>
		<key>A471A4F1A1D41F4C21824000</key>
		<dict>
			<key>buildActionMask</key>
			<string>2147483647</string>
			<key>files</key>
			<array>
				<string>A471A34AD0D5514894647D97</string>
				<string>A471A243FC2F882000F3141A</string>
			</array>
			<key>isa</key>
			<string>PBXSourcesBuildPhase</string>
			<key>runOnlyForDeploymentPostprocessing</key>
			<string>0</string>
		</dict>
		<key>A471A511A474B3A1D2886B63</key>
		<dict>
			<key>isa</key>
			<string>PBXFileReference</string>
			<key>lastKnownFileType</key>
			<string>sourcecode.c.objc</string>
			<key>path</key>
			<string>VCDAppDelegate.m</string>
			<key>sourceTree</key>
			<string>&lt;group&gt;</string>
		</dict>
		<key>A471A5EE0EA255A68FB57C42</key>
		<dict>
			<key>children</key>
			<array>
				<string>A471A161DC8C2D2397CA517D</string>
			</array>
			<key>isa</key>
			<string>PBXVariantGroup</string>
			<key>name</key>
			<string>InfoPlist.strings</string>
			<key>sourceTree</key>
			<string>&lt;group&gt;</string>
		</dict>
		<key>A471A5FDA23296A85CF07245</key>
		<dict>
			<key>fileRef</key>
			<string>A471A964D83DEBD2C04AFA37</string>
			<key>isa</key>
			<string>PBXBuildFile</string>
		</dict>
		<key>A471A65B80FEFF9A16014C0C</key>
		<dict>
			<key>isa</key>
			<string>PBXFileReference</string>
			<key>lastKnownFileType</key>
			<string>text.plist.info</string>
			<key>path</key>
			<string>VolumeChangeDetector-Info.plist</string>
			<key>sourceTree</key>
			<string>&lt;group&gt;</string>
		</dict>
		<key>A471A65F543B863DE1D61636</key>
		<dict>
			<key>fileRef</key>
			<string>A471ADB901ADC8FBE4774381</string>
			<key>isa</key>
			<string>PBXBuildFile</string>
		</dict>
		<key>A471A6D86922495259153ACE</key>
		<dict>
			<key>children</key>
			<array>
				<string>A471A3C4DAB8F22E69CC4FF1</string>
				<string>A471A4C584839DA569292456</string>
				<string>A471A511A474B3A1D2886B63</string>
			</array>
			<key>isa</key>
			<string>PBXGroup</string>
			<key>path</key>
			<string>VolumeChangeDetector</string>
			<key>sourceTree</key>
			<string>&lt;group&gt;</string>
		</dict>
		<key>A471A74866AB80E35C5DDA1C</key>
		<dict>
			<key>buildActionMask</key>
			<string>2147483647</string>
			<key>files</key>
			<array>
				<string>A471A8ED51F273D628447FCF</string>
				<string>A471A5FDA23296A85CF07245</string>
				<string>A471A32D30972A8A8D72182D</string>
			</array>
			<key>isa</key>
			<string>PBXFrameworksBuildPhase</string>
			<key>runOnlyForDeploymentPostprocessing</key>
			<string>0</string>
		</dict>
		<key>A471A7CB4FB70F0F8713788C</key>
		<dict>
			<key>children</key>
			<array>
				<string>A471A303EB42532BF9719013</string>
				<string>273BD9C8179E791000B9C40B</string>
			</array>
			<key>isa</key>
			<string>PBXGroup</string>
			<key>name</key>
			<string>Products</string>
			<key>sourceTree</key>
			<string>&lt;group&gt;</string>
		</dict>
		<key>A471A8255165E4C6EDE93999</key>
		<dict>
			<key>buildSettings</key>
			<dict>
				<key>GCC_PRECOMPILE_PREFIX_HEADER</key>
				<string>YES</string>
				<key>GCC_PREFIX_HEADER</key>
				<string>VolumeChangeDetector/VolumeChangeDetector-Prefix.pch</string>
				<key>INFOPLIST_FILE</key>
				<string>VolumeChangeDetector/VolumeChangeDetector-Info.plist</string>
				<key>PRODUCT_NAME</key>
				<string>$(TARGET_NAME)</string>
				<key>WRAPPER_EXTENSION</key>
				<string>app</string>
			</dict>
			<key>isa</key>
			<string>XCBuildConfiguration</string>
			<key>name</key>
			<string>Release</string>
		</dict>
		<key>A471A8ED51F273D628447FCF</key>
		<dict>
			<key>fileRef</key>
			<string>A471A33ECD9C2274E4D1E8EF</string>
			<key>isa</key>
			<string>PBXBuildFile</string>
		</dict>
		<key>A471A9253EDFE2AD1854009B</key>
		<dict>
			<key>isa</key>
			<string>PBXFileReference</string>
			<key>lastKnownFileType</key>
			<string>wrapper.framework</string>
			<key>name</key>
			<string>CoreGraphics.framework</string>
			<key>path</key>
			<string>System/Library/Frameworks/CoreGraphics.framework</string>
			<key>sourceTree</key>
			<string>SDKROOT</string>
		</dict>
		<key>A471A964D83DEBD2C04AFA37</key>
		<dict>
			<key>isa</key>
			<string>PBXFileReference</string>
			<key>lastKnownFileType</key>
			<string>wrapper.framework</string>
			<key>name</key>
			<string>Foundation.framework</string>
			<key>path</key>
			<string>System/Library/Frameworks/Foundation.framework</string>
			<key>sourceTree</key>
			<string>SDKROOT</string>
		</dict>
		<key>A471A9CAB816C4B347064598</key>
		<dict>
			<key>buildSettings</key>
			<dict>
				<key>GCC_PRECOMPILE_PREFIX_HEADER</key>
				<string>YES</string>
				<key>GCC_PREFIX_HEADER</key>
				<string>VolumeChangeDetector/VolumeChangeDetector-Prefix.pch</string>
				<key>INFOPLIST_FILE</key>
				<string>VolumeChangeDetector/VolumeChangeDetector-Info.plist</string>
				<key>PRODUCT_NAME</key>
				<string>$(TARGET_NAME)</string>
				<key>WRAPPER_EXTENSION</key>
				<string>app</string>
			</dict>
			<key>isa</key>
			<string>XCBuildConfiguration</string>
			<key>name</key>
			<string>Debug</string>
		</dict>
		<key>A471AA169FE12A3AA1EC4AF1</key>
		<dict>
			<key>attributes</key>
			<dict>
				<key>ORGANIZATIONNAME</key>
				<string>Tatsuya Miyamoto</string>
			</dict>
			<key>buildConfigurationList</key>
			<string>A471A3C6EB25C10D03553C0A</string>
			<key>compatibilityVersion</key>
			<string>Xcode 3.2</string>
			<key>developmentRegion</key>
			<string>English</string>
			<key>hasScannedForEncodings</key>
			<string>0</string>
			<key>isa</key>
			<string>PBXProject</string>
			<key>knownRegions</key>
			<array>
				<string>en</string>
			</array>
			<key>mainGroup</key>
			<string>A471A3F9C94EF48184D0E28F</string>
			<key>productRefGroup</key>
			<string>A471A7CB4FB70F0F8713788C</string>
			<key>projectDirPath</key>
			<string></string>
			<key>projectReferences</key>
			<array/>
			<key>projectRoot</key>
			<string></string>
			<key>targets</key>
			<array>
				<string>A471AA7257801923409383C6</string>
				<string>273BD9C7179E791000B9C40B</string>
			</array>
		</dict>
		<key>A471AA7257801923409383C6</key>
		<dict>
			<key>buildConfigurationList</key>
			<string>A471AC5F7E82CC883656BA1E</string>
			<key>buildPhases</key>
			<array>
				<string>A471A4F1A1D41F4C21824000</string>
				<string>A471A74866AB80E35C5DDA1C</string>
				<string>A471A48C2F052B736D38289D</string>
			</array>
			<key>buildRules</key>
			<array/>
			<key>dependencies</key>
			<array/>
			<key>isa</key>
			<string>PBXNativeTarget</string>
			<key>name</key>
			<string>VolumeChangeDetector</string>
			<key>productName</key>
			<string>VolumeChangeDetector</string>
			<key>productReference</key>
			<string>A471A303EB42532BF9719013</string>
			<key>productType</key>
			<string>com.apple.product-type.application</string>
		</dict>
		<key>A471AC5F7E82CC883656BA1E</key>
		<dict>
			<key>buildConfigurations</key>
			<array>
				<string>A471A8255165E4C6EDE93999</string>
				<string>A471A9CAB816C4B347064598</string>
			</array>
			<key>defaultConfigurationIsVisible</key>
			<string>0</string>
			<key>defaultConfigurationName</key>
			<string>Release</string>
			<key>isa</key>
			<string>XCConfigurationList</string>
		</dict>
		<key>A471AD93B794A85208CB81F8</key>
		<dict>
			<key>fileRef</key>
			<string>A471A5EE0EA255A68FB57C42</string>
			<key>isa</key>
			<string>PBXBuildFile</string>
		</dict>
		<key>A471ADB901ADC8FBE4774381</key>
		<dict>
			<key>isa</key>
			<string>PBXFileReference</string>
			<key>lastKnownFileType</key>
			<string>image.png</string>
			<key>path</key>
			<string>Default.png</string>
			<key>sourceTree</key>
			<string>&lt;group&gt;</string>
		</dict>
		<key>A471AE9F2EDE1B2A0173A09C</key>
		<dict>
			<key>isa</key>
			<string>PBXFileReference</string>
			<key>lastKnownFileType</key>
			<string>sourcecode.c.h</string>
			<key>path</key>
			<string>VolumeChangeDetector-Prefix.pch</string>
			<key>sourceTree</key>
			<string>&lt;group&gt;</string>
		</dict>
		<key>A471AEBC1E2638D570E6428F</key>
		<dict>
			<key>buildSettings</key>
			<dict>
				<key>ALWAYS_SEARCH_USER_PATHS</key>
				<string>NO</string>
				<key>CLANG_CXX_LANGUAGE_STANDARD</key>
				<string>gnu++0x</string>
				<key>CLANG_CXX_LIBRARY</key>
				<string>libc++</string>
				<key>CLANG_ENABLE_OBJC_ARC</key>
				<string>YES</string>
				<key>CLANG_WARN_CONSTANT_CONVERSION</key>
				<string>YES</string>
				<key>CLANG_WARN_EMPTY_BODY</key>
				<string>YES</string>
				<key>CLANG_WARN_ENUM_CONVERSION</key>
				<string>YES</string>
				<key>CLANG_WARN_INT_CONVERSION</key>
				<string>YES</string>
				<key>CLANG_WARN__DUPLICATE_METHOD_MATCH</key>
				<string>YES</string>
				<key>CODE_SIGN_IDENTITY[sdk=iphoneos*]</key>
				<string>iPhone Developer</string>
				<key>COPY_PHASE_STRIP</key>
				<string>YES</string>
				<key>GCC_C_LANGUAGE_STANDARD</key>
				<string>gnu99</string>
				<key>GCC_WARN_ABOUT_RETURN_TYPE</key>
				<string>YES</string>
				<key>GCC_WARN_UNINITIALIZED_AUTOS</key>
				<string>YES</string>
				<key>GCC_WARN_UNUSED_VARIABLE</key>
				<string>YES</string>
				<key>IPHONEOS_DEPLOYMENT_TARGET</key>
				<string>6.1</string>
				<key>OTHER_CFLAGS</key>
				<string>-DNS_BLOCK_ASSERTIONS=1</string>
				<key>SDKROOT</key>
				<string>iphoneos</string>
				<key>TARGETED_DEVICE_FAMILY</key>
				<string>1,2</string>
				<key>VALIDATE_PRODUCT</key>
				<string>YES</string>
			</dict>
			<key>isa</key>
			<string>XCBuildConfiguration</string>
			<key>name</key>
			<string>Release</string>
		</dict>
		<key>A471AF80BC470009ABD50702</key>
		<dict>
			<key>children</key>
			<array>
				<string>A471A33ECD9C2274E4D1E8EF</string>
				<string>A471A964D83DEBD2C04AFA37</string>
				<string>A471A9253EDFE2AD1854009B</string>
				<string>BCE9258F9B9545B3B5D07B14</string>
			</array>
			<key>isa</key>
			<string>PBXGroup</string>
			<key>name</key>
			<string>Frameworks</string>
			<key>sourceTree</key>
			<string>&lt;group&gt;</string>
		</dict>
		<key>BCE9258F9B9545B3B5D07B14</key>
		<dict>
			<key>explicitFileType</key>
			<string>archive.ar</string>
			<key>includeInIndex</key>
			<string>0</string>
			<key>isa</key>
			<string>PBXFileReference</string>
			<key>name</key>
			<string>libPods-UnitTest.a</string>
			<key>path</key>
			<string>libPods-UnitTest.a</string>
			<key>sourceTree</key>
			<string>BUILT_PRODUCTS_DIR</string>
		</dict>
	</dict>
	<key>rootObject</key>
	<string>A471AA169FE12A3AA1EC4AF1</string>
</dict>
</plist>
